{
  "name": "@ldes/types",
  "version": "0.0.0",
  "lockfileVersion": 1,
  "requires": true,
  "dependencies": {
    "@rdfjs/types": {
      "version": "1.0.1",
      "resolved": "https://registry.npmjs.org/@rdfjs/types/-/types-1.0.1.tgz",
      "integrity": "sha512-YxVkH0XrCNG3MWeZxfg596GFe+oorTVusmNxRP6ZHTsGczZ8AGvG3UchRNkg3Fy4MyysI7vBAA5YZbESL+VmHQ==",
      "requires": {
        "@types/node": "*"
      }
    },
    "@types/node": {
      "version": "16.10.1",
      "resolved": "https://registry.npmjs.org/@types/node/-/node-16.10.1.tgz",
      "integrity": "sha512-4/Z9DMPKFexZj/Gn3LylFgamNKHm4K3QDi0gz9B26Uk0c8izYf97B5fxfpspMNkWlFupblKM/nV8+NA9Ffvr+w=="
    },
    "rdfjs": {
      "version": "0.0.1",
      "resolved": "https://registry.npmjs.org/rdfjs/-/rdfjs-0.0.1.tgz",
      "integrity": "sha1-k7MaQn1dibRZ6Bllqf/YkrMmPks="
    }
  }
}
