{
  "name": "@treecg/ldes-subject-page-bucketizer",
  "version": "0.0.4-alpha.0",
  "lockfileVersion": 1,
  "requires": true,
  "dependencies": {
    "@ldes/types": {
      "version": "0.0.0",
      "requires": {
        "@rdfjs/dataset": "^1.1.1",
        "@rdfjs/types": "^1.0.1",
        "clownface": "^1.4.0",
        "clownface-shacl-path": "^1.2.2",
        "n3": "^1.11.1",
        "rdf-data-factory": "^1.1.0",
        "rdfjs": "0.0.1"
      },
      "dependencies": {
        "@rdf-esm/namespace": {
          "version": "0.5.3",
          "resolved": "https://registry.npmjs.org/@rdf-esm/namespace/-/namespace-0.5.3.tgz",
          "integrity": "sha512-WNSF5IBuGJfrXyoI/0WuWtNNNN5uxS34inmTFE2pS0e65LWQL1kUOkcDApq+IoKpKDn1k5TLN9UF4j7idNJzwQ==",
          "requires": {
            "@rdf-esm/data-model": "^0.5.1",
            "@rdfjs/namespace": "^1.1.0",
            "@types/rdfjs__namespace": "*"
          },
          "dependencies": {
            "@rdf-esm/data-model": {
              "version": "0.5.4",
              "resolved": "https://registry.npmjs.org/@rdf-esm/data-model/-/data-model-0.5.4.tgz",
              "integrity": "sha512-EINrtebCO6aT9e8vLmkaFFs317sCRj9cdFlKexvZA+7bLwcKrmcQLwC+nnnyBurtypHzWlokbLvp1SZHQWiH3w==",
              "requires": {
                "@rdfjs/data-model": "^1.2"
              }
            }
          }
        },
        "@rdf-esm/term-map": {
          "version": "0.5.1",
          "resolved": "https://registry.npmjs.org/@rdf-esm/term-map/-/term-map-0.5.1.tgz",
          "integrity": "sha512-Yq/5hBFt90q/eru2i9NVBxAayaGI/oWTPH1+6VoFueiaKSVl4Pf4lMX98/Hg/si5Ql0gG4B4wqBbFItl4LDI0A==",
          "requires": {
            "@rdf-esm/to-ntriples": "^0.6.0",
            "@rdfjs/term-map": "^1.0.0"
          },
          "dependencies": {
            "@rdf-esm/to-ntriples": {
              "version": "0.6.0",
              "resolved": "https://registry.npmjs.org/@rdf-esm/to-ntriples/-/to-ntriples-0.6.0.tgz",
              "integrity": "sha512-984lPZhKmFuLuJ74Q8SqtwzDDS43V98QXjpvu6jmlXEF2xQHwItmQk0AZ9Cyf26f3EiTVfLn3JHGWwkB0AK8IQ==",
              "requires": {
                "@rdfjs/to-ntriples": "^2.0.0"
              }
            }
          }
        },
        "@rdf-esm/term-set": {
          "version": "0.5.0",
          "resolved": "https://registry.npmjs.org/@rdf-esm/term-set/-/term-set-0.5.0.tgz",
          "integrity": "sha512-vWh8VtGUX1n4pEHmr/NyNzE0+yqCOcx3vUYbMVpk0Q0mgAB2n3+8yl/RXE8203z3PXsS4C1UPlO6YCSPbQS2rw==",
          "requires": {
            "@rdf-esm/to-ntriples": "^0.5.0",
            "@rdfjs/term-set": "^1.0.1"
          }
        },
        "@rdf-esm/to-ntriples": {
          "version": "0.5.0",
          "resolved": "https://registry.npmjs.org/@rdf-esm/to-ntriples/-/to-ntriples-0.5.0.tgz",
          "integrity": "sha512-VIcqRv68V/s0NS6bFy58CcsHwV0UCM/DHhAc1MYLB/yue1nyhKsX4uyu/SB5gbbY2r4BIH4G6O+arxf59KzgwQ=="
        },
        "@rdfjs/data-model": {
          "version": "1.3.3",
          "resolved": "https://registry.npmjs.org/@rdfjs/data-model/-/data-model-1.3.3.tgz",
          "integrity": "sha512-oo9U3nEowTxxML7CZybujL3e/bty4aXHDSWanWXQxfnJQYKU6p5SCgkjeRbuVfQ9lAVfdvz68Qq5D4LtGWuKug==",
          "requires": {
            "@types/rdf-js": "*"
          }
        },
        "@rdfjs/dataset": {
          "version": "1.1.1",
          "resolved": "https://registry.npmjs.org/@rdfjs/dataset/-/dataset-1.1.1.tgz",
          "integrity": "sha512-BNwCSvG0cz0srsG5esq6CQKJc1m8g/M0DZpLuiEp0MMpfwguXX7VeS8TCg4UUG3DV/DqEvhy83ZKSEjdsYseeA==",
          "requires": {
            "@rdfjs/data-model": "^1.2.0"
          }
        },
        "@rdfjs/namespace": {
          "version": "1.1.0",
          "resolved": "https://registry.npmjs.org/@rdfjs/namespace/-/namespace-1.1.0.tgz",
          "integrity": "sha512-utO5rtaOKxk8B90qzaQ0N+J5WrCI28DtfAY/zExCmXE7cOfC5uRI/oMKbLaVEPj2P7uArekt/T4IPATtj7Tjug==",
          "requires": {
            "@rdfjs/data-model": "^1.1.0"
          }
        },
        "@rdfjs/parser-n3": {
          "version": "1.1.4",
          "resolved": "https://registry.npmjs.org/@rdfjs/parser-n3/-/parser-n3-1.1.4.tgz",
          "integrity": "sha512-PUKSNlfD2Zq3GcQZuOF2ndfrLbc+N96FUe2gNIzARlR2er0BcOHBHEFUJvVGg1Xmsg3hVKwfg0nwn1JZ7qKKMw==",
          "requires": {
            "@rdfjs/data-model": "^1.0.1",
            "@rdfjs/sink": "^1.0.2",
            "n3": "^1.3.5",
            "readable-stream": "^3.6.0",
            "readable-to-readable": "^0.1.0"
          }
        },
        "@rdfjs/sink": {
          "version": "1.0.3",
          "resolved": "https://registry.npmjs.org/@rdfjs/sink/-/sink-1.0.3.tgz",
          "integrity": "sha512-2KfYa8mAnptRNeogxhQqkWNXqfYVWO04jQThtXKepySrIwYmz83+WlevQtA4VDLFe+kFd2TwgL29ekPe5XVUfA=="
        },
        "@rdfjs/term-map": {
          "version": "1.1.0",
          "resolved": "https://registry.npmjs.org/@rdfjs/term-map/-/term-map-1.1.0.tgz",
          "integrity": "sha512-utCLVQEZdEL664XoYuBQwMIk0Q5MD6qNPEt12DcmuAlQUS0b0kQ+WL50wyJP1BpWYjOJLokIVTUtphZWnj25BQ==",
          "requires": {
            "@rdfjs/to-ntriples": "^2.0.0"
          }
        },
        "@rdfjs/term-set": {
          "version": "1.1.0",
          "resolved": "https://registry.npmjs.org/@rdfjs/term-set/-/term-set-1.1.0.tgz",
          "integrity": "sha512-QQ4yzVe1Rvae/GN9SnOhweHNpaxQtnAjeOVciP/yJ0Gfxtbphy2tM56ZsRLV04Qq5qMcSclZIe6irYyEzx/UwQ==",
          "requires": {
            "@rdfjs/to-ntriples": "^2.0.0"
          }
        },
        "@rdfjs/to-ntriples": {
          "version": "2.0.0",
          "resolved": "https://registry.npmjs.org/@rdfjs/to-ntriples/-/to-ntriples-2.0.0.tgz",
          "integrity": "sha512-nDhpfhx6W6HKsy4HjyLp3H1nbrX1CiUCWhWQwKcYZX1s9GOjcoQTwY7GUUbVec0hzdJDQBR6gnjxtENBDt482Q=="
        },
        "@rdfjs/types": {
          "version": "1.0.1",
          "resolved": "https://registry.npmjs.org/@rdfjs/types/-/types-1.0.1.tgz",
          "integrity": "sha512-YxVkH0XrCNG3MWeZxfg596GFe+oorTVusmNxRP6ZHTsGczZ8AGvG3UchRNkg3Fy4MyysI7vBAA5YZbESL+VmHQ==",
          "requires": {
            "@types/node": "*"
          }
        },
        "@tpluscode/rdf-ns-builders": {
          "version": "1.0.0",
          "resolved": "https://registry.npmjs.org/@tpluscode/rdf-ns-builders/-/rdf-ns-builders-1.0.0.tgz",
          "integrity": "sha512-e7EjBOgKbS7RoSu8SPuD8L/JtADO9tiOODGwg2DykbOEAZ29XzmlexnnJuhBJxHZ4/MY/Fr/ZrkgCr0YNEND6w==",
          "requires": {
            "@rdf-esm/namespace": "^0.5.1",
            "@rdfjs/types": "*",
            "commander": "^7.2.0",
            "fs-extra": "^10.0.0"
          }
        },
        "@tpluscode/rdf-string": {
          "version": "0.2.24",
          "resolved": "https://registry.npmjs.org/@tpluscode/rdf-string/-/rdf-string-0.2.24.tgz",
          "integrity": "sha512-eD8vpspwDP1Y+Pxp+ohFVCALd7OyT91m4KzjTJjtGT1kONXyM+6ygKm5EDsicScsyS64rlWOD8uAJJazoi65xg==",
          "requires": {
            "@rdf-esm/data-model": "^0.5.3",
            "@rdf-esm/term-map": "^0.5.0",
            "@rdfjs/types": "*",
            "@tpluscode/rdf-ns-builders": "^1",
            "@zazuko/rdf-vocabularies": "*"
          },
          "dependencies": {
            "@rdf-esm/data-model": {
              "version": "0.5.4",
              "resolved": "https://registry.npmjs.org/@rdf-esm/data-model/-/data-model-0.5.4.tgz",
              "integrity": "sha512-EINrtebCO6aT9e8vLmkaFFs317sCRj9cdFlKexvZA+7bLwcKrmcQLwC+nnnyBurtypHzWlokbLvp1SZHQWiH3w==",
              "requires": {
                "@rdfjs/data-model": "^1.2"
              }
            }
          }
        },
        "@types/node": {
          "version": "16.10.1",
          "resolved": "https://registry.npmjs.org/@types/node/-/node-16.10.1.tgz",
          "integrity": "sha512-4/Z9DMPKFexZj/Gn3LylFgamNKHm4K3QDi0gz9B26Uk0c8izYf97B5fxfpspMNkWlFupblKM/nV8+NA9Ffvr+w=="
        },
        "@types/rdf-js": {
          "version": "4.0.2",
          "resolved": "https://registry.npmjs.org/@types/rdf-js/-/rdf-js-4.0.2.tgz",
          "integrity": "sha512-soR/+RMogGiDU1lrpuQl5ZL55/L1eq/JlR2dWx052Uh/RYs9okh3XZHFlIJXHZqjqyjEn4WdbOMfBj7vvc2WVQ==",
          "requires": {
            "rdf-js": "*"
          }
        },
        "@types/rdfjs__namespace": {
          "version": "1.1.5",
          "resolved": "https://registry.npmjs.org/@types/rdfjs__namespace/-/rdfjs__namespace-1.1.5.tgz",
          "integrity": "sha512-g6oZJzFNdR5W8yMrhLHtwguenwLEZuqHH8xbnybhMwYABZABCLhcY9tt9xZsVHrzLm3SujVR4OYvb8M0OfU3qw==",
          "requires": {
            "rdf-js": "^4.0.2"
          }
        },
        "@zazuko/rdf-vocabularies": {
          "version": "2021.9.22",
          "resolved": "https://registry.npmjs.org/@zazuko/rdf-vocabularies/-/rdf-vocabularies-2021.9.22.tgz",
          "integrity": "sha512-BHiNfex7Apt0EibtLHrPYv9dimYtsWZfVBKHtv4s58EtONwW2cLODUC8HFrlwre5G4EDq5gDehEHTjWCPFReHw==",
          "requires": {
            "@rdfjs/parser-n3": "^1.1.4",
            "commander": "^5.0.0",
            "pkg-dir": "^5.0.0",
            "rdf-ext": "^1.3.1",
            "readable-stream": "^3.6.0",
            "string-to-stream": "^3.0.1"
          },
          "dependencies": {
            "commander": {
              "version": "5.1.0",
              "resolved": "https://registry.npmjs.org/commander/-/commander-5.1.0.tgz",
              "integrity": "sha512-P0CysNDQ7rtVw4QIQtm+MRxV66vKFSvlsQvGYXZWR3qFU0jlMKHZZZgw8e+8DSah4UDKMqnknRDQz+xuQXQ/Zg=="
            }
          }
        },
        "clownface": {
          "version": "1.4.0",
          "resolved": "https://registry.npmjs.org/clownface/-/clownface-1.4.0.tgz",
          "integrity": "sha512-zunn16e/qZYBqJX4N+0Jq3mmNohGveEog1/cTWHmfL+z9rL9CrzlU1MlBnU46a9+0ZiLAefRieSf4/TKGYssFg==",
          "requires": {
            "@rdfjs/data-model": "^1.1.0",
            "@rdfjs/namespace": "^1.0.0"
          }
        },
        "clownface-shacl-path": {
          "version": "1.2.2",
          "resolved": "https://registry.npmjs.org/clownface-shacl-path/-/clownface-shacl-path-1.2.2.tgz",
          "integrity": "sha512-vXrmPf5sM1M84k2r1O1ud14Zx/5yLBCWWqpam0y34r77tejEK5FwYjq5qXqrwSqosLEr53KbptbqHZvHKeFYjA==",
          "requires": {
            "@rdf-esm/term-set": "^0.5.0",
            "@tpluscode/rdf-ns-builders": "^1.0.0",
            "@tpluscode/rdf-string": "^0.2.24"
          }
        },
        "commander": {
          "version": "7.2.0",
          "resolved": "https://registry.npmjs.org/commander/-/commander-7.2.0.tgz",
          "integrity": "sha512-QrWXB+ZQSVPmIWIhtEO9H+gwHaMGYiF5ChvoJ+K9ZGHG/sVsa6yiesAD1GC/x46sET00Xlwo1u49RVVVzvcSkw=="
        },
        "find-up": {
          "version": "5.0.0",
          "resolved": "https://registry.npmjs.org/find-up/-/find-up-5.0.0.tgz",
          "integrity": "sha512-78/PXT1wlLLDgTzDs7sjq9hzz0vXD+zn+7wypEe4fXQxCmdmqfGsEPQxmiCSQI3ajFV91bVSsvNtrJRiW6nGng==",
          "requires": {
            "locate-path": "^6.0.0",
            "path-exists": "^4.0.0"
          }
        },
        "fs-extra": {
          "version": "10.0.0",
          "resolved": "https://registry.npmjs.org/fs-extra/-/fs-extra-10.0.0.tgz",
          "integrity": "sha512-C5owb14u9eJwizKGdchcDUQeFtlSHHthBk8pbX9Vc1PFZrLombudjDnNns88aYslCyF6IY5SUw3Roz6xShcEIQ==",
          "requires": {
            "graceful-fs": "^4.2.0",
            "jsonfile": "^6.0.1",
            "universalify": "^2.0.0"
          }
        },
        "graceful-fs": {
          "version": "4.2.8",
          "resolved": "https://registry.npmjs.org/graceful-fs/-/graceful-fs-4.2.8.tgz",
          "integrity": "sha512-qkIilPUYcNhJpd33n0GBXTB1MMPp14TxEsEs0pTrsSVucApsYzW5V+Q8Qxhik6KU3evy+qkAAowTByymK0avdg=="
        },
        "inherits": {
          "version": "2.0.4",
          "resolved": "https://registry.npmjs.org/inherits/-/inherits-2.0.4.tgz",
          "integrity": "sha512-k/vGaX4/Yla3WzyMCvTQOXYeIHvqOKtnqBduzTHpzpQZzAskKMhZ2K+EnBiSM9zGSoIFeMpXKxa4dYeZIQqewQ=="
        },
        "jsonfile": {
          "version": "6.1.0",
          "resolved": "https://registry.npmjs.org/jsonfile/-/jsonfile-6.1.0.tgz",
          "integrity": "sha512-5dgndWOriYSm5cnYaJNhalLNDKOqFwyDB/rr1E9ZsGciGvKPs8R2xYGCacuf3z6K1YKDz182fd+fY3cn3pMqXQ==",
          "requires": {
            "graceful-fs": "^4.1.6",
            "universalify": "^2.0.0"
          }
        },
        "locate-path": {
          "version": "6.0.0",
          "resolved": "https://registry.npmjs.org/locate-path/-/locate-path-6.0.0.tgz",
          "integrity": "sha512-iPZK6eYjbxRu3uB4/WZ3EsEIMJFMqAoopl3R+zuq0UjcAm/MO6KCweDgPfP3elTztoKP3KtnVHxTn2NHBSDVUw==",
          "requires": {
            "p-locate": "^5.0.0"
          }
        },
        "n3": {
          "version": "1.11.1",
          "resolved": "https://registry.npmjs.org/n3/-/n3-1.11.1.tgz",
          "integrity": "sha512-yeTeYoatabMs6IMv71dYSIfgf+s+4DpLrnvRv8CKGRLnAt1lfWcnb+mwP67PZKq7Wvh7MCIGXaflayPkn0WzHw==",
          "requires": {
            "queue-microtask": "^1.1.2",
            "readable-stream": "^3.6.0"
          }
        },
        "p-limit": {
          "version": "3.1.0",
          "resolved": "https://registry.npmjs.org/p-limit/-/p-limit-3.1.0.tgz",
          "integrity": "sha512-TYOanM3wGwNGsZN2cVTYPArw454xnXj5qmWF1bEoAc4+cU/ol7GVh7odevjp1FNHduHc3KZMcFduxU5Xc6uJRQ==",
          "requires": {
            "yocto-queue": "^0.1.0"
          }
        },
        "p-locate": {
          "version": "5.0.0",
          "resolved": "https://registry.npmjs.org/p-locate/-/p-locate-5.0.0.tgz",
          "integrity": "sha512-LaNjtRWUBY++zB5nE/NwcaoMylSPk+S+ZHNB1TzdbMJMny6dynpAGt7X/tl/QYq3TIeE6nxHppbo2LGymrG5Pw==",
          "requires": {
            "p-limit": "^3.0.2"
          }
        },
        "path-exists": {
          "version": "4.0.0",
          "resolved": "https://registry.npmjs.org/path-exists/-/path-exists-4.0.0.tgz",
          "integrity": "sha512-ak9Qy5Q7jYb2Wwcey5Fpvg2KoAc/ZIhLSLOSBmRmygPsGwkVVt0fZa0qrtMz+m6tJTAHfZQ8FnmB4MG4LWy7/w=="
        },
        "pkg-dir": {
          "version": "5.0.0",
          "resolved": "https://registry.npmjs.org/pkg-dir/-/pkg-dir-5.0.0.tgz",
          "integrity": "sha512-NPE8TDbzl/3YQYY7CSS228s3g2ollTFnc+Qi3tqmqJp9Vg2ovUpixcJEo2HJScN2Ez+kEaal6y70c0ehqJBJeA==",
          "requires": {
            "find-up": "^5.0.0"
          }
        },
        "queue-microtask": {
          "version": "1.2.3",
          "resolved": "https://registry.npmjs.org/queue-microtask/-/queue-microtask-1.2.3.tgz",
          "integrity": "sha512-NuaNSa6flKT5JaSYQzJok04JzTL1CA6aGhv5rfLW3PgqA+M2ChpZQnAC8h8i4ZFkBS8X5RqkDBHA7r4hej3K9A=="
        },
        "rdf-data-factory": {
          "version": "1.1.0",
          "resolved": "https://registry.npmjs.org/rdf-data-factory/-/rdf-data-factory-1.1.0.tgz",
          "integrity": "sha512-g8feOVZ/KL1OK2Pco/jDBDFh4m29QDsOOD+rWloG9qFvIzRFchGy2CviLUX491E0ByewXxMpaq/A3zsWHQA16A==",
          "requires": {
            "@rdfjs/types": "*"
          }
        },
        "rdf-ext": {
          "version": "1.3.5",
          "resolved": "https://registry.npmjs.org/rdf-ext/-/rdf-ext-1.3.5.tgz",
          "integrity": "sha512-LS/waItwp5aGY9Ay7y147HxWLIaSvw4r172S995aGwVkvg0KwUA0NY8w61p/LoFdQ4V6mzxQdVoRN6x/6OaK0w==",
          "requires": {
            "@rdfjs/data-model": "^1.3.3",
            "@rdfjs/dataset": "^1.1.1",
            "@rdfjs/to-ntriples": "^1.0.1",
            "rdf-normalize": "^1.0.0",
            "readable-stream": "^3.6.0"
          },
          "dependencies": {
            "@rdfjs/to-ntriples": {
              "version": "1.0.2",
              "resolved": "https://registry.npmjs.org/@rdfjs/to-ntriples/-/to-ntriples-1.0.2.tgz",
              "integrity": "sha512-ngw5XAaGHjgGiwWWBPGlfdCclHftonmbje5lMys4G2j4NvfExraPIuRZgjSnd5lg4dnulRVUll8tRbgKO+7EDA=="
            }
          }
        },
        "rdf-js": {
          "version": "4.0.2",
          "resolved": "https://registry.npmjs.org/rdf-js/-/rdf-js-4.0.2.tgz",
          "integrity": "sha512-ApvlFa/WsQh8LpPK/6hctQwG06Z9ztQQGWVtrcrf9L6+sejHNXLPOqL+w7q3hF+iL0C4sv3AX1PUtGkLNzyZ0Q==",
          "requires": {
            "@rdfjs/types": "*"
          }
        },
        "rdf-normalize": {
          "version": "1.0.0",
          "resolved": "https://registry.npmjs.org/rdf-normalize/-/rdf-normalize-1.0.0.tgz",
          "integrity": "sha1-U0lrrzYszp2fyh8iFsbDAAf5nMo="
        },
        "rdfjs": {
          "version": "0.0.1",
          "resolved": "https://registry.npmjs.org/rdfjs/-/rdfjs-0.0.1.tgz",
          "integrity": "sha1-k7MaQn1dibRZ6Bllqf/YkrMmPks="
        },
        "readable-stream": {
          "version": "3.6.0",
          "resolved": "https://registry.npmjs.org/readable-stream/-/readable-stream-3.6.0.tgz",
          "integrity": "sha512-BViHy7LKeTz4oNnkcLJ+lVSL6vpiFeX6/d3oSH8zCW7UxP2onchk+vTGB143xuFjHS3deTgkKoXXymXqymiIdA==",
          "requires": {
            "inherits": "^2.0.3",
            "string_decoder": "^1.1.1",
            "util-deprecate": "^1.0.1"
          }
        },
        "readable-to-readable": {
          "version": "0.1.3",
          "resolved": "https://registry.npmjs.org/readable-to-readable/-/readable-to-readable-0.1.3.tgz",
          "integrity": "sha512-G+0kz01xJM/uTuItKcqC73cifW8S6CZ7tp77NLN87lE5mrSU+GC8geoSAlfmp0NocmXckQ7W8s8ns73HYsIA3w==",
          "requires": {
            "readable-stream": "^3.6.0"
          }
        },
        "safe-buffer": {
          "version": "5.2.1",
          "resolved": "https://registry.npmjs.org/safe-buffer/-/safe-buffer-5.2.1.tgz",
          "integrity": "sha512-rp3So07KcdmmKbGvgaNxQSJr7bGVSVk5S9Eq1F+ppbRo70+YeaDxkw5Dd8NPN+GD6bjnYm2VuPuCXmpuYvmCXQ=="
        },
        "string-to-stream": {
          "version": "3.0.1",
          "resolved": "https://registry.npmjs.org/string-to-stream/-/string-to-stream-3.0.1.tgz",
          "integrity": "sha512-Hl092MV3USJuUCC6mfl9sPzGloA3K5VwdIeJjYIkXY/8K+mUvaeEabWJgArp+xXrsWxCajeT2pc4axbVhIZJyg==",
          "requires": {
            "readable-stream": "^3.4.0"
          }
        },
        "string_decoder": {
          "version": "1.3.0",
          "resolved": "https://registry.npmjs.org/string_decoder/-/string_decoder-1.3.0.tgz",
          "integrity": "sha512-hkRX8U1WjJFd8LsDJ2yQ/wWWxaopEsABU1XfkM8A+j0+85JAGppt16cr1Whg6KIbb4okU6Mql6BOj+uup/wKeA==",
          "requires": {
            "safe-buffer": "~5.2.0"
          }
        },
        "universalify": {
          "version": "2.0.0",
          "resolved": "https://registry.npmjs.org/universalify/-/universalify-2.0.0.tgz",
          "integrity": "sha512-hAZsKq7Yy11Zu1DE0OzWjw7nnLZmJZYTDZZyEFHZdUhV8FkH5MCfoU1XMaxXovpyW5nq5scPqq0ZDP9Zyl04oQ=="
        },
        "util-deprecate": {
          "version": "1.0.2",
          "resolved": "https://registry.npmjs.org/util-deprecate/-/util-deprecate-1.0.2.tgz",
          "integrity": "sha1-RQ1Nyfpw3nMnYvvS1KKJgUGaDM8="
        },
        "yocto-queue": {
          "version": "0.1.0",
          "resolved": "https://registry.npmjs.org/yocto-queue/-/yocto-queue-0.1.0.tgz",
          "integrity": "sha512-rVksvsnNCdJ/ohGc6xgPwyN8eheCxsiLM8mxuE/t/mOVqJewPuO1miLpTHQiRgTKCLexL4MeAFVagts7HmNZ2Q=="
        }
      }
    },
    "@rdfjs/types": {
      "version": "1.0.1",
      "resolved": "https://registry.npmjs.org/@rdfjs/types/-/types-1.0.1.tgz",
      "integrity": "sha512-YxVkH0XrCNG3MWeZxfg596GFe+oorTVusmNxRP6ZHTsGczZ8AGvG3UchRNkg3Fy4MyysI7vBAA5YZbESL+VmHQ==",
      "requires": {
        "@types/node": "*"
      }
    },
    "@types/node": {
      "version": "16.10.1",
      "resolved": "https://registry.npmjs.org/@types/node/-/node-16.10.1.tgz",
      "integrity": "sha512-4/Z9DMPKFexZj/Gn3LylFgamNKHm4K3QDi0gz9B26Uk0c8izYf97B5fxfpspMNkWlFupblKM/nV8+NA9Ffvr+w=="
    },
    "rdf-data-factory": {
      "version": "1.1.0",
      "resolved": "https://registry.npmjs.org/rdf-data-factory/-/rdf-data-factory-1.1.0.tgz",
      "integrity": "sha512-g8feOVZ/KL1OK2Pco/jDBDFh4m29QDsOOD+rWloG9qFvIzRFchGy2CviLUX491E0ByewXxMpaq/A3zsWHQA16A==",
      "requires": {
        "@rdfjs/types": "*"
      }
    }
  }
}
