{
	"name": "@treecg/ldes-helm-file-generator",
	"version": "0.0.4-alpha.0",
	"lockfileVersion": 2,
	"requires": true,
	"packages": {
		"": {
			"name": "@treecg/ldes-helm-file-generator",
			"version": "0.0.4-alpha.0",
			"license": "ISC",
			"dependencies": {
				"string-format": "^2.0.0",
				"yaml": "^1.10.2"
			},
			"devDependencies": {
				"typescript": "^4.4.3"
			}
		},
		"node_modules/string-format": {
			"version": "2.0.0",
			"resolved": "https://registry.npmjs.org/string-format/-/string-format-2.0.0.tgz",
			"integrity": "sha512-bbEs3scLeYNXLecRRuk6uJxdXUSj6le/8rNPHChIJTn2V79aXVTR1EH2OH5zLKKoz0V02fOUKZZcw01pLUShZA=="
		},
		"node_modules/typescript": {
			"version": "4.9.5",
			"resolved": "https://registry.npmjs.org/typescript/-/typescript-4.9.5.tgz",
			"integrity": "sha512-1FXk9E2Hm+QzZQ7z+McJiHL4NW1F2EzMu9Nq9i3zAaGqibafqYwCVU6WyWAuyQRRzOlxou8xZSyXLEN8oKj24g==",
			"dev": true,
			"bin": {
				"tsc": "bin/tsc",
				"tsserver": "bin/tsserver"
			},
			"engines": {
				"node": ">=4.2.0"
			}
		},
		"node_modules/yaml": {
			"version": "1.10.2",
			"resolved": "https://registry.npmjs.org/yaml/-/yaml-1.10.2.tgz",
			"integrity": "sha512-r3vXyErRCYJ7wg28yvBY5VSoAF8ZvlcW9/BwUzEtUsjvX/DKs24dIkuwjtuprwJJHsbyUbLApepYTR1BN4uHrg==",
			"engines": {
				"node": ">= 6"
			}
		}
	},
	"dependencies": {
		"string-format": {
			"version": "2.0.0",
			"resolved": "https://registry.npmjs.org/string-format/-/string-format-2.0.0.tgz",
			"integrity": "sha512-bbEs3scLeYNXLecRRuk6uJxdXUSj6le/8rNPHChIJTn2V79aXVTR1EH2OH5zLKKoz0V02fOUKZZcw01pLUShZA=="
		},
		"typescript": {
			"version": "4.9.5",
			"resolved": "https://registry.npmjs.org/typescript/-/typescript-4.9.5.tgz",
			"integrity": "sha512-1FXk9E2Hm+QzZQ7z+McJiHL4NW1F2EzMu9Nq9i3zAaGqibafqYwCVU6WyWAuyQRRzOlxou8xZSyXLEN8oKj24g==",
			"dev": true
		},
		"yaml": {
			"version": "1.10.2",
			"resolved": "https://registry.npmjs.org/yaml/-/yaml-1.10.2.tgz",
			"integrity": "sha512-r3vXyErRCYJ7wg28yvBY5VSoAF8ZvlcW9/BwUzEtUsjvX/DKs24dIkuwjtuprwJJHsbyUbLApepYTR1BN4uHrg=="
		}
	}
}
