{
	"name": "@treecg/ldes-redis-state",
	"version": "0.0.4-alpha.0",
	"lockfileVersion": 2,
	"requires": true,
	"packages": {
		"": {
			"name": "@treecg/ldes-redis-state",
			"version": "0.0.4-alpha.0",
			"license": "ISC",
			"dependencies": {
				"handy-redis": "^2.2.2",
				"redis": "^3.1.2"
			},
			"devDependencies": {
				"typescript": "^4.4.3"
			}
		},
		"node_modules/@types/node": {
			"version": "18.14.6",
			"resolved": "https://registry.npmjs.org/@types/node/-/node-18.14.6.tgz",
			"integrity": "sha512-93+VvleD3mXwlLI/xASjw0FzKcwzl3OdTCzm1LaRfqgS21gfFtK3zDXM5Op9TeeMsJVOaJ2VRDpT9q4Y3d0AvA=="
		},
		"node_modules/@types/redis": {
			"version": "2.8.32",
			"resolved": "https://registry.npmjs.org/@types/redis/-/redis-2.8.32.tgz",
			"integrity": "sha512-7jkMKxcGq9p242exlbsVzuJb57KqHRhNl4dHoQu2Y5v9bCAbtIXXH0R3HleSQW4CTOqpHIYUW3t6tpUj4BVQ+w==",
			"dependencies": {
				"@types/node": "*"
			}
		},
		"node_modules/denque": {
			"version": "1.5.1",
			"resolved": "https://registry.npmjs.org/denque/-/denque-1.5.1.tgz",
			"integrity": "sha512-XwE+iZ4D6ZUB7mfYRMb5wByE8L74HCn30FBN7sWnXksWc1LO1bPDl67pBR9o/kC4z/xSNAwkMYcGgqDV3BE3Hw==",
			"engines": {
				"node": ">=0.10"
			}
		},
		"node_modules/handy-redis": {
			"version": "2.3.1",
			"resolved": "https://registry.npmjs.org/handy-redis/-/handy-redis-2.3.1.tgz",
			"integrity": "sha512-ilZYZ4l9+BSxavnjzSbI0yNpM8wfuEP8wAjsPAoL5ThfcCEswN7EpuSCJ4PfRpuGvxRRrivjSImbqpM9NkDB7w==",
			"dependencies": {
				"@types/redis": "^2.8.30"
			},
			"engines": {
				"node": ">= 10.0.0"
			}
		},
		"node_modules/redis": {
			"version": "3.1.2",
			"resolved": "https://registry.npmjs.org/redis/-/redis-3.1.2.tgz",
			"integrity": "sha512-grn5KoZLr/qrRQVwoSkmzdbw6pwF+/rwODtrOr6vuBRiR/f3rjSTGupbF90Zpqm2oenix8Do6RV7pYEkGwlKkw==",
			"dependencies": {
				"denque": "^1.5.0",
				"redis-commands": "^1.7.0",
				"redis-errors": "^1.2.0",
				"redis-parser": "^3.0.0"
			},
			"engines": {
				"node": ">=10"
			},
			"funding": {
				"type": "opencollective",
				"url": "https://opencollective.com/node-redis"
			}
		},
		"node_modules/redis-commands": {
			"version": "1.7.0",
			"resolved": "https://registry.npmjs.org/redis-commands/-/redis-commands-1.7.0.tgz",
			"integrity": "sha512-nJWqw3bTFy21hX/CPKHth6sfhZbdiHP6bTawSgQBlKOVRG7EZkfHbbHwQJnrE4vsQf0CMNE+3gJ4Fmm16vdVlQ=="
		},
		"node_modules/redis-errors": {
			"version": "1.2.0",
			"resolved": "https://registry.npmjs.org/redis-errors/-/redis-errors-1.2.0.tgz",
			"integrity": "sha512-1qny3OExCf0UvUV/5wpYKf2YwPcOqXzkwKKSmKHiE6ZMQs5heeE/c8eXK+PNllPvmjgAbfnsbpkGZWy8cBpn9w==",
			"engines": {
				"node": ">=4"
			}
		},
		"node_modules/redis-parser": {
			"version": "3.0.0",
			"resolved": "https://registry.npmjs.org/redis-parser/-/redis-parser-3.0.0.tgz",
			"integrity": "sha512-DJnGAeenTdpMEH6uAJRK/uiyEIH9WVsUmoLwzudwGJUwZPp80PDBWPHXSAGNPwNvIXAbe7MSUB1zQFugFml66A==",
			"dependencies": {
				"redis-errors": "^1.0.0"
			},
			"engines": {
				"node": ">=4"
			}
		},
		"node_modules/typescript": {
			"version": "4.9.5",
			"resolved": "https://registry.npmjs.org/typescript/-/typescript-4.9.5.tgz",
			"integrity": "sha512-1FXk9E2Hm+QzZQ7z+McJiHL4NW1F2EzMu9Nq9i3zAaGqibafqYwCVU6WyWAuyQRRzOlxou8xZSyXLEN8oKj24g==",
			"dev": true,
			"bin": {
				"tsc": "bin/tsc",
				"tsserver": "bin/tsserver"
			},
			"engines": {
				"node": ">=4.2.0"
			}
		}
	},
	"dependencies": {
		"@types/node": {
			"version": "18.14.6",
			"resolved": "https://registry.npmjs.org/@types/node/-/node-18.14.6.tgz",
			"integrity": "sha512-93+VvleD3mXwlLI/xASjw0FzKcwzl3OdTCzm1LaRfqgS21gfFtK3zDXM5Op9TeeMsJVOaJ2VRDpT9q4Y3d0AvA=="
		},
		"@types/redis": {
			"version": "2.8.32",
			"resolved": "https://registry.npmjs.org/@types/redis/-/redis-2.8.32.tgz",
			"integrity": "sha512-7jkMKxcGq9p242exlbsVzuJb57KqHRhNl4dHoQu2Y5v9bCAbtIXXH0R3HleSQW4CTOqpHIYUW3t6tpUj4BVQ+w==",
			"requires": {
				"@types/node": "*"
			}
		},
		"denque": {
			"version": "1.5.1",
			"resolved": "https://registry.npmjs.org/denque/-/denque-1.5.1.tgz",
			"integrity": "sha512-XwE+iZ4D6ZUB7mfYRMb5wByE8L74HCn30FBN7sWnXksWc1LO1bPDl67pBR9o/kC4z/xSNAwkMYcGgqDV3BE3Hw=="
		},
		"handy-redis": {
			"version": "2.3.1",
			"resolved": "https://registry.npmjs.org/handy-redis/-/handy-redis-2.3.1.tgz",
			"integrity": "sha512-ilZYZ4l9+BSxavnjzSbI0yNpM8wfuEP8wAjsPAoL5ThfcCEswN7EpuSCJ4PfRpuGvxRRrivjSImbqpM9NkDB7w==",
			"requires": {
				"@types/redis": "^2.8.30"
			}
		},
		"redis": {
			"version": "3.1.2",
			"resolved": "https://registry.npmjs.org/redis/-/redis-3.1.2.tgz",
			"integrity": "sha512-grn5KoZLr/qrRQVwoSkmzdbw6pwF+/rwODtrOr6vuBRiR/f3rjSTGupbF90Zpqm2oenix8Do6RV7pYEkGwlKkw==",
			"requires": {
				"denque": "^1.5.0",
				"redis-commands": "^1.7.0",
				"redis-errors": "^1.2.0",
				"redis-parser": "^3.0.0"
			}
		},
		"redis-commands": {
			"version": "1.7.0",
			"resolved": "https://registry.npmjs.org/redis-commands/-/redis-commands-1.7.0.tgz",
			"integrity": "sha512-nJWqw3bTFy21hX/CPKHth6sfhZbdiHP6bTawSgQBlKOVRG7EZkfHbbHwQJnrE4vsQf0CMNE+3gJ4Fmm16vdVlQ=="
		},
		"redis-errors": {
			"version": "1.2.0",
			"resolved": "https://registry.npmjs.org/redis-errors/-/redis-errors-1.2.0.tgz",
			"integrity": "sha512-1qny3OExCf0UvUV/5wpYKf2YwPcOqXzkwKKSmKHiE6ZMQs5heeE/c8eXK+PNllPvmjgAbfnsbpkGZWy8cBpn9w=="
		},
		"redis-parser": {
			"version": "3.0.0",
			"resolved": "https://registry.npmjs.org/redis-parser/-/redis-parser-3.0.0.tgz",
			"integrity": "sha512-DJnGAeenTdpMEH6uAJRK/uiyEIH9WVsUmoLwzudwGJUwZPp80PDBWPHXSAGNPwNvIXAbe7MSUB1zQFugFml66A==",
			"requires": {
				"redis-errors": "^1.0.0"
			}
		},
		"typescript": {
			"version": "4.9.5",
			"resolved": "https://registry.npmjs.org/typescript/-/typescript-4.9.5.tgz",
			"integrity": "sha512-1FXk9E2Hm+QzZQ7z+McJiHL4NW1F2EzMu9Nq9i3zAaGqibafqYwCVU6WyWAuyQRRzOlxou8xZSyXLEN8oKj24g==",
			"dev": true
		}
	}
}
