{
	"name": "@treecg/ldes-docker-compose-generator",
	"version": "0.0.4-alpha.0",
	"lockfileVersion": 2,
	"requires": true,
	"packages": {
		"": {
			"name": "@treecg/ldes-docker-compose-generator",
			"version": "0.0.4-alpha.0",
			"license": "MIT",
			"dependencies": {
				"docker-composer": "^4.0.1",
				"string-format": "^2.0.0",
				"yaml": "^1.10.2"
			},
			"devDependencies": {
				"typescript": "^4.4.3"
			}
		},
		"node_modules/docker-composer": {
			"version": "4.1.3",
			"resolved": "https://registry.npmjs.org/docker-composer/-/docker-composer-4.1.3.tgz",
			"integrity": "sha512-JUxOTkkI6kSa+Iuxw5PaVZ4z67TXJ/+z4ZW+9MtoZr7gdUlUDK4XDpvBL2gmvfy12CpYl7PgoixF2hKeG/kVBQ==",
			"dependencies": {
				"json2yaml": "^1.1.0",
				"jsonschema": "^1.4.0"
			}
		},
		"node_modules/json2yaml": {
			"version": "1.1.0",
			"resolved": "https://registry.npmjs.org/json2yaml/-/json2yaml-1.1.0.tgz",
			"integrity": "sha512-/xse+m0SlllfZahQrNOelmLrFNfeZv4QG0QKlvg7VsPSGIxpB3X+ggLkdffwmI1DdQ3o9XjZX+K+EOI1epdKgg==",
			"dependencies": {
				"remedial": "1.x"
			},
			"bin": {
				"json2yaml": "cli.js",
				"json2yml": "cli.js",
				"jsontoyaml": "cli.js",
				"jsontoyml": "cli.js"
			},
			"engines": {
				"node": ">= 0.2.0"
			}
		},
		"node_modules/jsonschema": {
			"version": "1.4.1",
			"resolved": "https://registry.npmjs.org/jsonschema/-/jsonschema-1.4.1.tgz",
			"integrity": "sha512-S6cATIPVv1z0IlxdN+zUk5EPjkGCdnhN4wVSBlvoUO1tOLJootbo9CquNJmbIh4yikWHiUedhRYrNPn1arpEmQ==",
			"engines": {
				"node": "*"
			}
		},
		"node_modules/remedial": {
			"version": "1.0.8",
			"resolved": "https://registry.npmjs.org/remedial/-/remedial-1.0.8.tgz",
			"integrity": "sha512-/62tYiOe6DzS5BqVsNpH/nkGlX45C/Sp6V+NtiN6JQNS1Viay7cWkazmRkrQrdFj2eshDe96SIQNIoMxqhzBOg==",
			"engines": {
				"node": "*"
			}
		},
		"node_modules/string-format": {
			"version": "2.0.0",
			"resolved": "https://registry.npmjs.org/string-format/-/string-format-2.0.0.tgz",
			"integrity": "sha512-bbEs3scLeYNXLecRRuk6uJxdXUSj6le/8rNPHChIJTn2V79aXVTR1EH2OH5zLKKoz0V02fOUKZZcw01pLUShZA=="
		},
		"node_modules/typescript": {
			"version": "4.9.5",
			"resolved": "https://registry.npmjs.org/typescript/-/typescript-4.9.5.tgz",
			"integrity": "sha512-1FXk9E2Hm+QzZQ7z+McJiHL4NW1F2EzMu9Nq9i3zAaGqibafqYwCVU6WyWAuyQRRzOlxou8xZSyXLEN8oKj24g==",
			"dev": true,
			"bin": {
				"tsc": "bin/tsc",
				"tsserver": "bin/tsserver"
			},
			"engines": {
				"node": ">=4.2.0"
			}
		},
		"node_modules/yaml": {
			"version": "1.10.2",
			"resolved": "https://registry.npmjs.org/yaml/-/yaml-1.10.2.tgz",
			"integrity": "sha512-r3vXyErRCYJ7wg28yvBY5VSoAF8ZvlcW9/BwUzEtUsjvX/DKs24dIkuwjtuprwJJHsbyUbLApepYTR1BN4uHrg==",
			"engines": {
				"node": ">= 6"
			}
		}
	},
	"dependencies": {
		"docker-composer": {
			"version": "4.1.3",
			"resolved": "https://registry.npmjs.org/docker-composer/-/docker-composer-4.1.3.tgz",
			"integrity": "sha512-JUxOTkkI6kSa+Iuxw5PaVZ4z67TXJ/+z4ZW+9MtoZr7gdUlUDK4XDpvBL2gmvfy12CpYl7PgoixF2hKeG/kVBQ==",
			"requires": {
				"json2yaml": "^1.1.0",
				"jsonschema": "^1.4.0"
			}
		},
		"json2yaml": {
			"version": "1.1.0",
			"resolved": "https://registry.npmjs.org/json2yaml/-/json2yaml-1.1.0.tgz",
			"integrity": "sha512-/xse+m0SlllfZahQrNOelmLrFNfeZv4QG0QKlvg7VsPSGIxpB3X+ggLkdffwmI1DdQ3o9XjZX+K+EOI1epdKgg==",
			"requires": {
				"remedial": "1.x"
			}
		},
		"jsonschema": {
			"version": "1.4.1",
			"resolved": "https://registry.npmjs.org/jsonschema/-/jsonschema-1.4.1.tgz",
			"integrity": "sha512-S6cATIPVv1z0IlxdN+zUk5EPjkGCdnhN4wVSBlvoUO1tOLJootbo9CquNJmbIh4yikWHiUedhRYrNPn1arpEmQ=="
		},
		"remedial": {
			"version": "1.0.8",
			"resolved": "https://registry.npmjs.org/remedial/-/remedial-1.0.8.tgz",
			"integrity": "sha512-/62tYiOe6DzS5BqVsNpH/nkGlX45C/Sp6V+NtiN6JQNS1Viay7cWkazmRkrQrdFj2eshDe96SIQNIoMxqhzBOg=="
		},
		"string-format": {
			"version": "2.0.0",
			"resolved": "https://registry.npmjs.org/string-format/-/string-format-2.0.0.tgz",
			"integrity": "sha512-bbEs3scLeYNXLecRRuk6uJxdXUSj6le/8rNPHChIJTn2V79aXVTR1EH2OH5zLKKoz0V02fOUKZZcw01pLUShZA=="
		},
		"typescript": {
			"version": "4.9.5",
			"resolved": "https://registry.npmjs.org/typescript/-/typescript-4.9.5.tgz",
			"integrity": "sha512-1FXk9E2Hm+QzZQ7z+McJiHL4NW1F2EzMu9Nq9i3zAaGqibafqYwCVU6WyWAuyQRRzOlxou8xZSyXLEN8oKj24g==",
			"dev": true
		},
		"yaml": {
			"version": "1.10.2",
			"resolved": "https://registry.npmjs.org/yaml/-/yaml-1.10.2.tgz",
			"integrity": "sha512-r3vXyErRCYJ7wg28yvBY5VSoAF8ZvlcW9/BwUzEtUsjvX/DKs24dIkuwjtuprwJJHsbyUbLApepYTR1BN4uHrg=="
		}
	}
}
